
Microsoft Visual Studio Solution File, Format Version 12.00
# Visual Studio Version 17
VisualStudioVersion = 17.13.35913.81
MinimumVisualStudioVersion = 10.0.40219.1
Project("{FAE04EC0-301F-11D3-BF4B-00C04F79EFBC}") = "ConsoleApp1", "ConsoleApp1\ConsoleApp1.csproj", "{2D81ED3B-2B5C-4FA1-8E1A-76DA34BD51F0}"
EndProject
Project("{FAE04EC0-301F-11D3-BF4B-00C04F79EFBC}") = "Calcolatrice_lb", "Calcolatrice_lb\Calcolatrice_lb.csproj", "{5DDF5335-63C5-4498-B0B8-3F322074BDD5}"
EndProject
Project("{FAE04EC0-301F-11D3-BF4B-00C04F79EFBC}") = "TestCalcolatrice", "TestCalcolatrice\TestCalcolatrice.csproj", "{1D341DB9-B444-4A14-9A82-21CA0B4F644D}"
EndProject
Global
	GlobalSection(SolutionConfigurationPlatforms) = preSolution
		Debug|Any CPU = Debug|Any CPU
		Release|Any CPU = Release|Any CPU
	EndGlobalSection
	GlobalSection(ProjectConfigurationPlatforms) = postSolution
		{2D81ED3B-2B5C-4FA1-8E1A-76DA34BD51F0}.Debug|Any CPU.ActiveCfg = Debug|Any CPU
		{2D81ED3B-2B5C-4FA1-8E1A-76DA34BD51F0}.Debug|Any CPU.Build.0 = Debug|Any CPU
		{2D81ED3B-2B5C-4FA1-8E1A-76DA34BD51F0}.Release|Any CPU.ActiveCfg = Release|Any CPU
		{2D81ED3B-2B5C-4FA1-8E1A-76DA34BD51F0}.Release|Any CPU.Build.0 = Release|Any CPU
		{5DDF5335-63C5-4498-B0B8-3F322074BDD5}.Debug|Any CPU.ActiveCfg = Debug|Any CPU
		{5DDF5335-63C5-4498-B0B8-3F322074BDD5}.Debug|Any CPU.Build.0 = Debug|Any CPU
		{5DDF5335-63C5-4498-B0B8-3F322074BDD5}.Release|Any CPU.ActiveCfg = Release|Any CPU
		{5DDF5335-63C5-4498-B0B8-3F322074BDD5}.Release|Any CPU.Build.0 = Release|Any CPU
		{1D341DB9-B444-4A14-9A82-21CA0B4F644D}.Debug|Any CPU.ActiveCfg = Debug|Any CPU
		{1D341DB9-B444-4A14-9A82-21CA0B4F644D}.Debug|Any CPU.Build.0 = Debug|Any CPU
		{1D341DB9-B444-4A14-9A82-21CA0B4F644D}.Release|Any CPU.ActiveCfg = Release|Any CPU
		{1D341DB9-B444-4A14-9A82-21CA0B4F644D}.Release|Any CPU.Build.0 = Release|Any CPU
	EndGlobalSection
	GlobalSection(SolutionProperties) = preSolution
		HideSolutionNode = FALSE
	EndGlobalSection
	GlobalSection(ExtensibilityGlobals) = postSolution
		SolutionGuid = {24A810F9-50DF-4EB6-A80A-90C400B893F0}
	EndGlobalSection
EndGlobal
